github.com/docker/docker v20.10.24+incompatible h1:Ugvxm7a8+Gz6vqQYQQ2W7GYq5EUPaAiuPgIfVyI3dYE=
github.com/docker/docker v20.10.24+incompatible/go.mod h1:eEKB0N0r5NX/I1kEveEz05bcu8tLC/8azJZsviup8Sk=
github.com/sygaldry/sygaldry-core v0.0.0 h1:lfGLjFUpb7AzBGky1MRWJXdLb4Zo2NXSoZ1PejZmHDk=
github.com/sygaldry/sygaldry-core v0.0.0/go.mod h1:h9CHuIQ2Zj2wnyj+fEl0iBuNXl7vOC7WmJ/jqoavqdg=
